
Microsoft Visual Studio Solution File, Format Version 12.00
# Visual Studio Version 16
VisualStudioVersion = 16.0.29326.143
MinimumVisualStudioVersion = 10.0.40219.1
Project("{9A19103F-16F7-4668-BE54-9A1E7A4F7556}") = "ExactlyOnce.AzureFunctions.Sample", "ExactlyOnce.AzureFunctions.Sample\ExactlyOnce.AzureFunctions.Sample.csproj", "{67C1D3B9-2FA6-41C9-BDED-7A309239A05B}"
EndProject
Project("{9A19103F-16F7-4668-BE54-9A1E7A4F7556}") = "ExactlyOnce.AzureFunctions.Tests", "ExactlyOnce.AzureFunctions.Tests\ExactlyOnce.AzureFunctions.Tests.csproj", "{48629BEC-B789-47B0-ADDD-56D14F633BEB}"
EndProject
Project("{FAE04EC0-301F-11D3-BF4B-00C04F79EFBC}") = "ExactlyOnce.AzureFunctions.Console", "ExactlyOnce.AzureFunctions.Console\ExactlyOnce.AzureFunctions.Console.csproj", "{03CA137B-ABFD-4B1B-AD24-9A9B7111161C}"
EndProject
Global
	GlobalSection(SolutionConfigurationPlatforms) = preSolution
		Debug|Any CPU = Debug|Any CPU
		Release|Any CPU = Release|Any CPU
	EndGlobalSection
	GlobalSection(ProjectConfigurationPlatforms) = postSolution
		{67C1D3B9-2FA6-41C9-BDED-7A309239A05B}.Debug|Any CPU.ActiveCfg = Debug|Any CPU
		{67C1D3B9-2FA6-41C9-BDED-7A309239A05B}.Debug|Any CPU.Build.0 = Debug|Any CPU
		{67C1D3B9-2FA6-41C9-BDED-7A309239A05B}.Release|Any CPU.ActiveCfg = Release|Any CPU
		{67C1D3B9-2FA6-41C9-BDED-7A309239A05B}.Release|Any CPU.Build.0 = Release|Any CPU
		{48629BEC-B789-47B0-ADDD-56D14F633BEB}.Debug|Any CPU.ActiveCfg = Debug|Any CPU
		{48629BEC-B789-47B0-ADDD-56D14F633BEB}.Debug|Any CPU.Build.0 = Debug|Any CPU
		{48629BEC-B789-47B0-ADDD-56D14F633BEB}.Release|Any CPU.ActiveCfg = Release|Any CPU
		{48629BEC-B789-47B0-ADDD-56D14F633BEB}.Release|Any CPU.Build.0 = Release|Any CPU
		{03CA137B-ABFD-4B1B-AD24-9A9B7111161C}.Debug|Any CPU.ActiveCfg = Debug|Any CPU
		{03CA137B-ABFD-4B1B-AD24-9A9B7111161C}.Debug|Any CPU.Build.0 = Debug|Any CPU
		{03CA137B-ABFD-4B1B-AD24-9A9B7111161C}.Release|Any CPU.ActiveCfg = Release|Any CPU
		{03CA137B-ABFD-4B1B-AD24-9A9B7111161C}.Release|Any CPU.Build.0 = Release|Any CPU
	EndGlobalSection
	GlobalSection(SolutionProperties) = preSolution
		HideSolutionNode = FALSE
	EndGlobalSection
	GlobalSection(ExtensibilityGlobals) = postSolution
		SolutionGuid = {79FEC630-83EC-417F-ABD7-2CB8FB2F8654}
	EndGlobalSection
EndGlobal
